
Microsoft Visual Studio Solution File, Format Version 12.00
# Visual Studio Version 16
VisualStudioVersion = 16.0.30804.86
MinimumVisualStudioVersion = 10.0.40219.1
Project("{9A19103F-16F7-4668-BE54-9A1E7A4F7556}") = "eShopSolution.WebApp", "eShopSolution.WebApp\eShopSolution.WebApp.csproj", "{2AE77F78-AF33-4A25-A64F-341202A43EA1}"
EndProject
Project("{2150E333-8FDC-42A3-9474-1A3956D46DE8}") = "Solution Items", "Solution Items", "{2416F35C-3B0C-4EB8-A558-FF8D06024664}"
	ProjectSection(SolutionItems) = preProject
		README.md = README.md
	EndProjectSection
EndProject
Project("{9A19103F-16F7-4668-BE54-9A1E7A4F7556}") = "eShopSolution.Data", "eShopsolution.Data\eShopSolution.Data.csproj", "{6BAA7011-4827-4F53-8EF8-EC52328F9FCF}"
EndProject
Project("{9A19103F-16F7-4668-BE54-9A1E7A4F7556}") = "eShopSolution.Aplication", "eShopSolution.Aplication\eShopSolution.Aplication.csproj", "{22A12476-7558-497B-9248-F5C48E34D335}"
EndProject
Global
	GlobalSection(SolutionConfigurationPlatforms) = preSolution
		Debug|Any CPU = Debug|Any CPU
		Release|Any CPU = Release|Any CPU
	EndGlobalSection
	GlobalSection(ProjectConfigurationPlatforms) = postSolution
		{2AE77F78-AF33-4A25-A64F-341202A43EA1}.Debug|Any CPU.ActiveCfg = Debug|Any CPU
		{2AE77F78-AF33-4A25-A64F-341202A43EA1}.Debug|Any CPU.Build.0 = Debug|Any CPU
		{2AE77F78-AF33-4A25-A64F-341202A43EA1}.Release|Any CPU.ActiveCfg = Release|Any CPU
		{2AE77F78-AF33-4A25-A64F-341202A43EA1}.Release|Any CPU.Build.0 = Release|Any CPU
		{6BAA7011-4827-4F53-8EF8-EC52328F9FCF}.Debug|Any CPU.ActiveCfg = Debug|Any CPU
		{6BAA7011-4827-4F53-8EF8-EC52328F9FCF}.Debug|Any CPU.Build.0 = Debug|Any CPU
		{6BAA7011-4827-4F53-8EF8-EC52328F9FCF}.Release|Any CPU.ActiveCfg = Release|Any CPU
		{6BAA7011-4827-4F53-8EF8-EC52328F9FCF}.Release|Any CPU.Build.0 = Release|Any CPU
		{22A12476-7558-497B-9248-F5C48E34D335}.Debug|Any CPU.ActiveCfg = Debug|Any CPU
		{22A12476-7558-497B-9248-F5C48E34D335}.Debug|Any CPU.Build.0 = Debug|Any CPU
		{22A12476-7558-497B-9248-F5C48E34D335}.Release|Any CPU.ActiveCfg = Release|Any CPU
		{22A12476-7558-497B-9248-F5C48E34D335}.Release|Any CPU.Build.0 = Release|Any CPU
	EndGlobalSection
	GlobalSection(SolutionProperties) = preSolution
		HideSolutionNode = FALSE
	EndGlobalSection
	GlobalSection(ExtensibilityGlobals) = postSolution
		SolutionGuid = {56CA0184-9599-4DBC-9EAF-A4628E46E1A6}
	EndGlobalSection
EndGlobal
